#MicroXplorer Configuration settings - do not modify
CAD.formats=
CAD.pinconfig=
CAD.provider=
Dma.Request0=SAI1_B
Dma.RequestsNb=1
Dma.SAI1_B.0.Direction=DMA_PERIPH_TO_MEMORY
Dma.SAI1_B.0.Instance=DMA2_Channel2
Dma.SAI1_B.0.MemDataAlignment=DMA_MDATAALIGN_WORD
Dma.SAI1_B.0.MemInc=DMA_MINC_ENABLE
Dma.SAI1_B.0.Mode=DMA_NORMAL
Dma.SAI1_B.0.PeriphDataAlignment=DMA_PDATAALIGN_WORD
Dma.SAI1_B.0.PeriphInc=DMA_PINC_DISABLE
Dma.SAI1_B.0.Priority=DMA_PRIORITY_LOW
Dma.SAI1_B.0.RequestParameters=Instance,Direction,PeriphInc,MemInc,PeriphDataAlignment,MemDataAlignment,Mode,Priority
EdgeImpulse.AudioClassifierEmbedded.1.0.2.AudioClassifierEmbeddedJjMachineLearning_Checked=true
EdgeImpulse.AudioClassifierEmbedded.1.0.2.IPParameters=MachineLearningCcAudioClassifierEmbeddedJjCore
EdgeImpulse.AudioClassifierEmbedded.1.0.2.MachineLearningCcAudioClassifierEmbeddedJjCore=true
EdgeImpulse.AudioClassifierEmbedded.1.0.2_SwParameter=MachineLearningCcAudioClassifierEmbeddedJjCore\:true;
File.Version=6
I2C1.IPParameters=Timing
I2C1.Timing=0x10909CEC
KeepUserPlacement=false
Mcu.CPN=STM32L476RGT3
Mcu.Family=STM32L4
Mcu.IP0=CRC
Mcu.IP1=DMA
Mcu.IP2=I2C1
Mcu.IP3=NVIC
Mcu.IP4=RCC
Mcu.IP5=SAI1
Mcu.IP6=SYS
Mcu.IP7=USART2
Mcu.IPNb=8
Mcu.Name=STM32L476R(C-E-G)Tx
Mcu.Package=LQFP64
Mcu.Pin0=PH0-OSC_IN (PH0)
Mcu.Pin1=PH1-OSC_OUT (PH1)
Mcu.Pin10=VP_CRC_VS_CRC
Mcu.Pin11=VP_SAI1_VP_$IpInstance_SAIB_SAI_BASIC
Mcu.Pin12=VP_SYS_VS_Systick
Mcu.Pin13=VP_EdgeImpulse.AudioClassifierEmbedded_VS_AudioClassifierEmbeddedJjMachineLearning_1.0.2_1.0.2
Mcu.Pin2=PA2
Mcu.Pin3=PA3
Mcu.Pin4=PA4
Mcu.Pin5=PA5
Mcu.Pin6=PB3 (JTDO-TRACESWO)
Mcu.Pin7=PB5
Mcu.Pin8=PB6
Mcu.Pin9=PB7
Mcu.PinsNb=14
Mcu.ThirdParty0=EdgeImpulse.AudioClassifierEmbedded.1.0.2
Mcu.ThirdParty1=STMicroelectronics.X-CUBE-AI.8.1.0
Mcu.ThirdPartyNb=2
Mcu.UserConstants=
Mcu.UserName=STM32L476RGTx
MxCube.Version=6.10.0
MxDb.Version=DB.6.0.100
NVIC.BusFault_IRQn=true\:0\:0\:false\:false\:true\:true\:false\:false
NVIC.DMA2_Channel2_IRQn=true\:0\:0\:false\:false\:true\:false\:true\:true
NVIC.DebugMonitor_IRQn=true\:0\:0\:false\:false\:true\:true\:false\:false
NVIC.ForceEnableDMAVector=true
NVIC.HardFault_IRQn=true\:0\:0\:false\:false\:true\:true\:false\:false
NVIC.MemoryManagement_IRQn=true\:0\:0\:false\:false\:true\:true\:false\:false
NVIC.NonMaskableInt_IRQn=true\:0\:0\:false\:false\:true\:true\:false\:false
NVIC.PendSV_IRQn=true\:0\:0\:false\:false\:true\:false\:false\:false
NVIC.PriorityGroup=NVIC_PRIORITYGROUP_4
NVIC.SVCall_IRQn=true\:0\:0\:false\:false\:true\:false\:false\:false
NVIC.SysTick_IRQn=true\:0\:0\:false\:false\:true\:true\:true\:false
NVIC.UsageFault_IRQn=true\:0\:0\:false\:false\:true\:true\:false\:false
PA2.Mode=Asynchronous
PA2.Signal=USART2_TX
PA3.Mode=Asynchronous
PA3.Signal=USART2_RX
PA4.Mode=SAI_B_Master
PA4.Signal=SAI1_FS_B
PA5.Locked=true
PA5.Signal=GPIO_Output
PB3\ (JTDO-TRACESWO).Mode=SAI_B_Master
PB3\ (JTDO-TRACESWO).Signal=SAI1_SCK_B
PB5.Mode=SAI_B_Master
PB5.Signal=SAI1_SD_B
PB6.Mode=I2C
PB6.Signal=I2C1_SCL
PB7.Mode=I2C
PB7.Signal=I2C1_SDA
PH0-OSC_IN\ (PH0).Mode=HSE-External-Oscillator
PH0-OSC_IN\ (PH0).Signal=RCC_OSC_IN
PH1-OSC_OUT\ (PH1).Mode=HSE-External-Oscillator
PH1-OSC_OUT\ (PH1).Signal=RCC_OSC_OUT
PinOutPanel.RotationAngle=0
ProjectManager.AskForMigrate=true
ProjectManager.BackupPrevious=false
ProjectManager.CompilerOptimize=6
ProjectManager.ComputerToolchain=false
ProjectManager.CoupleFile=false
ProjectManager.CustomerFirmwarePackage=
ProjectManager.DefaultFWLocation=true
ProjectManager.DeletePrevious=true
ProjectManager.DeviceId=STM32L476RGTx
ProjectManager.FirmwarePackage=STM32Cube FW_L4 V1.18.0
ProjectManager.FreePins=false
ProjectManager.HalAssertFull=false
ProjectManager.HeapSize=0x800
ProjectManager.KeepUserCode=true
ProjectManager.LastFirmware=true
ProjectManager.LibraryCopy=1
ProjectManager.MainLocation=Core/Src
ProjectManager.NoMain=false
ProjectManager.PreviousToolchain=
ProjectManager.ProjectBuild=false
ProjectManager.ProjectFileName=EmbeddedAudioClassifier.ioc
ProjectManager.ProjectName=EmbeddedAudioClassifier
ProjectManager.ProjectStructure=
ProjectManager.RegisterCallBack=
ProjectManager.StackSize=0x800
ProjectManager.TargetToolchain=STM32CubeIDE
ProjectManager.ToolChainLocation=
ProjectManager.UAScriptAfterPath=
ProjectManager.UAScriptBeforePath=
ProjectManager.UnderRoot=true
ProjectManager.functionlistsort=1-SystemClock_Config-RCC-false-HAL-false,2-MX_GPIO_Init-GPIO-false-HAL-true,3-MX_DMA_Init-DMA-false-HAL-true,4-MX_I2C1_Init-I2C1-false-HAL-true,5-MX_SAI1_Init-SAI1-false-HAL-true,6-MX_USART2_UART_Init-USART2-false-HAL-true
RCC.ADCFreq_Value=64000000
RCC.AHBFreq_Value=80000000
RCC.APB1Freq_Value=80000000
RCC.APB1TimFreq_Value=80000000
RCC.APB2Freq_Value=80000000
RCC.APB2TimFreq_Value=80000000
RCC.CortexFreq_Value=80000000
RCC.DFSDMFreq_Value=80000000
RCC.FCLKCortexFreq_Value=80000000
RCC.FamilyName=M
RCC.HCLKFreq_Value=80000000
RCC.HSE_VALUE=8000000
RCC.HSI_VALUE=16000000
RCC.I2C1Freq_Value=80000000
RCC.I2C2Freq_Value=80000000
RCC.I2C3Freq_Value=80000000
RCC.IPParameters=ADCFreq_Value,AHBFreq_Value,APB1Freq_Value,APB1TimFreq_Value,APB2Freq_Value,APB2TimFreq_Value,CortexFreq_Value,DFSDMFreq_Value,FCLKCortexFreq_Value,FamilyName,HCLKFreq_Value,HSE_VALUE,HSI_VALUE,I2C1Freq_Value,I2C2Freq_Value,I2C3Freq_Value,LPTIM1Freq_Value,LPTIM2Freq_Value,LPUART1Freq_Value,LSCOPinFreq_Value,LSE_VALUE,LSI_VALUE,MCO1PinFreq_Value,MSI_VALUE,PLLN,PLLPoutputFreq_Value,PLLQoutputFreq_Value,PLLRCLKFreq_Value,PLLSAI1PoutputFreq_Value,PLLSAI1QoutputFreq_Value,PLLSAI1RoutputFreq_Value,PLLSAI2PoutputFreq_Value,PLLSAI2RoutputFreq_Value,PLLSourceVirtual,PREFETCH_ENABLE,PWRFreq_Value,RNGFreq_Value,SAI1Freq_Value,SAI2Freq_Value,SDMMCFreq_Value,SWPMI1Freq_Value,SYSCLKFreq_VALUE,SYSCLKSource,UART4Freq_Value,UART5Freq_Value,USART1Freq_Value,USART2Freq_Value,USART3Freq_Value,USBFreq_Value,VCOInputFreq_Value,VCOOutputFreq_Value,VCOSAI1OutputFreq_Value,VCOSAI2OutputFreq_Value
RCC.LPTIM1Freq_Value=80000000
RCC.LPTIM2Freq_Value=80000000
RCC.LPUART1Freq_Value=80000000
RCC.LSCOPinFreq_Value=32000
RCC.LSE_VALUE=32768
RCC.LSI_VALUE=32000
RCC.MCO1PinFreq_Value=80000000
RCC.MSI_VALUE=4000000
RCC.PLLN=10
RCC.PLLPoutputFreq_Value=22857142.85714286
RCC.PLLQoutputFreq_Value=80000000
RCC.PLLRCLKFreq_Value=80000000
RCC.PLLSAI1PoutputFreq_Value=18285714.285714287
RCC.PLLSAI1QoutputFreq_Value=64000000
RCC.PLLSAI1RoutputFreq_Value=64000000
RCC.PLLSAI2PoutputFreq_Value=18285714.285714287
RCC.PLLSAI2RoutputFreq_Value=64000000
RCC.PLLSourceVirtual=RCC_PLLSOURCE_HSI
RCC.PREFETCH_ENABLE=1
RCC.PWRFreq_Value=80000000
RCC.RNGFreq_Value=64000000
RCC.SAI1Freq_Value=18285714.285714287
RCC.SAI2Freq_Value=18285714.285714287
RCC.SDMMCFreq_Value=64000000
RCC.SWPMI1Freq_Value=80000000
RCC.SYSCLKFreq_VALUE=80000000
RCC.SYSCLKSource=RCC_SYSCLKSOURCE_PLLCLK
RCC.UART4Freq_Value=80000000
RCC.UART5Freq_Value=80000000
RCC.USART1Freq_Value=80000000
RCC.USART2Freq_Value=80000000
RCC.USART3Freq_Value=80000000
RCC.USBFreq_Value=64000000
RCC.VCOInputFreq_Value=16000000
RCC.VCOOutputFreq_Value=160000000
RCC.VCOSAI1OutputFreq_Value=128000000
RCC.VCOSAI2OutputFreq_Value=128000000
SAI1.AudioFrequency-SAI_B_Master=SAI_AUDIO_FREQUENCY_32K
SAI1.AudioMode-SAI_B_Master=SAI_MODEMASTER_RX
SAI1.BasicDataSize-SAI_B_Master=SAI_PROTOCOL_DATASIZE_24BIT
SAI1.ErrorAudioFreq-SAI_B_Master=11.6 %
SAI1.IPParameters=Instance-SAI_B_Master,VirtualMode-SAI_B_Master,MClockEnable-SAI_B_Master,RealAudioFreq-SAI_B_Master,ErrorAudioFreq-SAI_B_Master,InitProtocol-SAI_B_Master,VirtualProtocol-SAI_B_BASIC,AudioFrequency-SAI_B_Master,AudioMode-SAI_B_Master,BasicDataSize-SAI_B_Master
SAI1.InitProtocol-SAI_B_Master=Enable
SAI1.Instance-SAI_B_Master=SAI$Index_Block_B
SAI1.MClockEnable-SAI_B_Master=SAI_MASTERCLOCK_DISABLE
SAI1.RealAudioFreq-SAI_B_Master=35.714 KHz
SAI1.VirtualMode-SAI_B_Master=VM_MASTER
SAI1.VirtualProtocol-SAI_B_BASIC=VM_BASIC_PROTOCOL
STMicroelectronics.X-CUBE-AI.8.1.0.ArtificialOoIntelligenceJjXAaCUBEAaAI_Checked=false
STMicroelectronics.X-CUBE-AI.8.1.0.HeapSize=0x800
STMicroelectronics.X-CUBE-AI.8.1.0.IPParameters=HeapSize,StackSize,ReadyForCodeGeneration
STMicroelectronics.X-CUBE-AI.8.1.0.ReadyForCodeGeneration=false
STMicroelectronics.X-CUBE-AI.8.1.0.StackSize=0x800
STMicroelectronics.X-CUBE-AI.8.1.0_SwParameter=XAaCUBEAaAICcArtificialOoIntelligenceJjCore\:true;
USART2.IPParameters=VirtualMode-Asynchronous
USART2.VirtualMode-Asynchronous=VM_ASYNC
VP_CRC_VS_CRC.Mode=CRC_Activate
VP_CRC_VS_CRC.Signal=CRC_VS_CRC
VP_EdgeImpulse.AudioClassifierEmbedded_VS_AudioClassifierEmbeddedJjMachineLearning_1.0.2_1.0.2.Mode=AudioClassifierEmbeddedJjMachineLearning
VP_EdgeImpulse.AudioClassifierEmbedded_VS_AudioClassifierEmbeddedJjMachineLearning_1.0.2_1.0.2.Signal=EdgeImpulse.AudioClassifierEmbedded_VS_AudioClassifierEmbeddedJjMachineLearning_1.0.2_1.0.2
VP_SAI1_VP_$IpInstance_SAIB_SAI_BASIC.Mode=SAI_B_BASIC
VP_SAI1_VP_$IpInstance_SAIB_SAI_BASIC.Signal=SAI1_VP_$IpInstance_SAIB_SAI_BASIC
VP_SYS_VS_Systick.Mode=SysTick
VP_SYS_VS_Systick.Signal=SYS_VS_Systick
board=NUCLEO-L476RG
boardIOC=true
isbadioc=false
